
Microsoft Visual Studio Solution File, Format Version 12.00
# Visual Studio 15
VisualStudioVersion = 15.0.28010.2026
MinimumVisualStudioVersion = 10.0.40219.1
Project("{8BC9CEB8-8B4A-11D0-8D11-00A0C91BC942}") = "LAB_5", "LAB_5\LAB_5.vcxproj", "{80B54D58-B7B2-465E-AAC6-36E46BBA8D72}"
EndProject
Global
	GlobalSection(SolutionConfigurationPlatforms) = preSolution
		Debug|x64 = Debug|x64
		Debug|x86 = Debug|x86
		Release|x64 = Release|x64
		Release|x86 = Release|x86
	EndGlobalSection
	GlobalSection(ProjectConfigurationPlatforms) = postSolution
		{80B54D58-B7B2-465E-AAC6-36E46BBA8D72}.Debug|x64.ActiveCfg = Debug|x64
		{80B54D58-B7B2-465E-AAC6-36E46BBA8D72}.Debug|x64.Build.0 = Debug|x64
		{80B54D58-B7B2-465E-AAC6-36E46BBA8D72}.Debug|x86.ActiveCfg = Debug|Win32
		{80B54D58-B7B2-465E-AAC6-36E46BBA8D72}.Debug|x86.Build.0 = Debug|Win32
		{80B54D58-B7B2-465E-AAC6-36E46BBA8D72}.Release|x64.ActiveCfg = Release|x64
		{80B54D58-B7B2-465E-AAC6-36E46BBA8D72}.Release|x64.Build.0 = Release|x64
		{80B54D58-B7B2-465E-AAC6-36E46BBA8D72}.Release|x86.ActiveCfg = Release|Win32
		{80B54D58-B7B2-465E-AAC6-36E46BBA8D72}.Release|x86.Build.0 = Release|Win32
	EndGlobalSection
	GlobalSection(SolutionProperties) = preSolution
		HideSolutionNode = FALSE
	EndGlobalSection
	GlobalSection(ExtensibilityGlobals) = postSolution
		SolutionGuid = {04D91ABF-6E8A-42D0-86DC-B812C7D30A0C}
	EndGlobalSection
EndGlobal
